// !$*UTF8*$!
{
	archiveVersion = 1;
	classes = {
	};
	objectVersion = 50;
	objects = {

/* Begin PBXBuildFile section */
		2540C7B62496852F00F971EC /* Article.swift in Sources */ = {isa = PBXBuildFile; fileRef = 2540C7B52496852F00F971EC /* Article.swift */; };
		2540C7BA24968BB700F971EC /* Section.swift in Sources */ = {isa = PBXBuildFile; fileRef = 2540C7B924968BB700F971EC /* Section.swift */; };
		2540C7BE2496984300F971EC /* SectionTests.swift in Sources */ = {isa = PBXBuildFile; fileRef = 2540C7BD2496984300F971EC /* SectionTests.swift */; };
		2540C7C124969C2600F971EC /* section.json in Resources */ = {isa = PBXBuildFile; fileRef = 2540C7C024969C2600F971EC /* section.json */; };
		2540C7CB2496A5A900F971EC /* article.json in Resources */ = {isa = PBXBuildFile; fileRef = 2540C7CA2496A5A900F971EC /* article.json */; };
		2540C7CE2496B2F200F971EC /* DateFormatterExtension.swift in Sources */ = {isa = PBXBuildFile; fileRef = 2540C7CD2496B2F200F971EC /* DateFormatterExtension.swift */; };
		2540C7D02496C70400F971EC /* ArticleExtensions.swift in Sources */ = {isa = PBXBuildFile; fileRef = 2540C7CF2496C70400F971EC /* ArticleExtensions.swift */; };
		2540C7D22496CBEF00F971EC /* SectionExtensions.swift in Sources */ = {isa = PBXBuildFile; fileRef = 2540C7D12496CBEF00F971EC /* SectionExtensions.swift */; };
		2540C7D42497C48D00F971EC /* BundleExtensions.swift in Sources */ = {isa = PBXBuildFile; fileRef = 2540C7D32497C48D00F971EC /* BundleExtensions.swift */; };
		2540C7D62497FA4500F971EC /* APIClientTests.swift in Sources */ = {isa = PBXBuildFile; fileRef = 2540C7D52497FA4500F971EC /* APIClientTests.swift */; };
		2540C7D92497FD4400F971EC /* APIClient.swift in Sources */ = {isa = PBXBuildFile; fileRef = 2540C7D82497FD4400F971EC /* APIClient.swift */; };
		25557B58249A99D4001EAEC8 /* URLExtension.swift in Sources */ = {isa = PBXBuildFile; fileRef = 25557B57249A99D4001EAEC8 /* URLExtension.swift */; };
		25557B5A249B37CE001EAEC8 /* section-with-error.json in Resources */ = {isa = PBXBuildFile; fileRef = 25557B59249B37CE001EAEC8 /* section-with-error.json */; };
		25557B5C249BB1FF001EAEC8 /* MainTabBarControllerTests.swift in Sources */ = {isa = PBXBuildFile; fileRef = 25557B5B249BB1FF001EAEC8 /* MainTabBarControllerTests.swift */; };
		25557B5F249BB542001EAEC8 /* MainTabBarController.swift in Sources */ = {isa = PBXBuildFile; fileRef = 25557B5E249BB542001EAEC8 /* MainTabBarController.swift */; };
		25557B61249BBA26001EAEC8 /* MainContainerViewControllerTests.swift in Sources */ = {isa = PBXBuildFile; fileRef = 25557B60249BBA26001EAEC8 /* MainContainerViewControllerTests.swift */; };
		25557B63249BC139001EAEC8 /* MainNavigationController.swift in Sources */ = {isa = PBXBuildFile; fileRef = 25557B62249BC139001EAEC8 /* MainNavigationController.swift */; };
		25557B65249BEAD8001EAEC8 /* MainNavigationControllerTests.swift in Sources */ = {isa = PBXBuildFile; fileRef = 25557B64249BEAD8001EAEC8 /* MainNavigationControllerTests.swift */; };
		257EA4EF24966A43002D434C /* AppDelegate.swift in Sources */ = {isa = PBXBuildFile; fileRef = 257EA4EE24966A43002D434C /* AppDelegate.swift */; };
		257EA4F124966A43002D434C /* SceneDelegate.swift in Sources */ = {isa = PBXBuildFile; fileRef = 257EA4F024966A43002D434C /* SceneDelegate.swift */; };
		257EA4F324966A43002D434C /* MainContainerViewController.swift in Sources */ = {isa = PBXBuildFile; fileRef = 257EA4F224966A43002D434C /* MainContainerViewController.swift */; };
		257EA4F624966A43002D434C /* Main.storyboard in Resources */ = {isa = PBXBuildFile; fileRef = 257EA4F424966A43002D434C /* Main.storyboard */; };
		257EA4F824966A44002D434C /* Assets.xcassets in Resources */ = {isa = PBXBuildFile; fileRef = 257EA4F724966A44002D434C /* Assets.xcassets */; };
		257EA4FB24966A44002D434C /* LaunchScreen.storyboard in Resources */ = {isa = PBXBuildFile; fileRef = 257EA4F924966A44002D434C /* LaunchScreen.storyboard */; };
		257EA50624966A45002D434C /* ArticleTests.swift in Sources */ = {isa = PBXBuildFile; fileRef = 257EA50524966A45002D434C /* ArticleTests.swift */; };
		25BB67B6249C08E200D14F30 /* TabBarItemInfoTests.swift in Sources */ = {isa = PBXBuildFile; fileRef = 25BB67B5249C08E200D14F30 /* TabBarItemInfoTests.swift */; };
		25BB67B8249C099200D14F30 /* TabBarInfo.swift in Sources */ = {isa = PBXBuildFile; fileRef = 25BB67B7249C099200D14F30 /* TabBarInfo.swift */; };
		25BB67BB249C0AA900D14F30 /* BarTabable.swift in Sources */ = {isa = PBXBuildFile; fileRef = 25BB67BA249C0AA900D14F30 /* BarTabable.swift */; };
		25BB67BD249C94A300D14F30 /* MenuViewControllerTests.swift in Sources */ = {isa = PBXBuildFile; fileRef = 25BB67BC249C94A300D14F30 /* MenuViewControllerTests.swift */; };
		25BB67BF249C94CE00D14F30 /* SectionViewerViewControllerTests.swift in Sources */ = {isa = PBXBuildFile; fileRef = 25BB67BE249C94CE00D14F30 /* SectionViewerViewControllerTests.swift */; };
		25BB67CA249CBCA400D14F30 /* SectionViewerViewController.swift in Sources */ = {isa = PBXBuildFile; fileRef = 25BB67C8249CBCA400D14F30 /* SectionViewerViewController.swift */; };
		25BB67CB249CBCA400D14F30 /* SectionViewerViewController.xib in Resources */ = {isa = PBXBuildFile; fileRef = 25BB67C9249CBCA400D14F30 /* SectionViewerViewController.xib */; };
		25BB67CE249CBCCA00D14F30 /* MenuViewControllerViewController.swift in Sources */ = {isa = PBXBuildFile; fileRef = 25BB67CC249CBCCA00D14F30 /* MenuViewControllerViewController.swift */; };
		25BB67CF249CBCCA00D14F30 /* MenuViewControllerViewController.xib in Resources */ = {isa = PBXBuildFile; fileRef = 25BB67CD249CBCCA00D14F30 /* MenuViewControllerViewController.xib */; };
/* End PBXBuildFile section */

/* Begin PBXContainerItemProxy section */
		257EA50224966A45002D434C /* PBXContainerItemProxy */ = {
			isa = PBXContainerItemProxy;
			containerPortal = 257EA4E324966A43002D434C /* Project object */;
			proxyType = 1;
			remoteGlobalIDString = 257EA4EA24966A43002D434C;
			remoteInfo = SimpleApp;
		};
/* End PBXContainerItemProxy section */

/* Begin PBXFileReference section */
		2540C7B52496852F00F971EC /* Article.swift */ = {isa = PBXFileReference; lastKnownFileType = sourcecode.swift; path = Article.swift; sourceTree = "<group>"; };
		2540C7B924968BB700F971EC /* Section.swift */ = {isa = PBXFileReference; lastKnownFileType = sourcecode.swift; path = Section.swift; sourceTree = "<group>"; };
		2540C7BD2496984300F971EC /* SectionTests.swift */ = {isa = PBXFileReference; lastKnownFileType = sourcecode.swift; path = SectionTests.swift; sourceTree = "<group>"; };
		2540C7C024969C2600F971EC /* section.json */ = {isa = PBXFileReference; lastKnownFileType = text.json; path = section.json; sourceTree = "<group>"; };
		2540C7CA2496A5A900F971EC /* article.json */ = {isa = PBXFileReference; lastKnownFileType = text.json; path = article.json; sourceTree = "<group>"; };
		2540C7CD2496B2F200F971EC /* DateFormatterExtension.swift */ = {isa = PBXFileReference; lastKnownFileType = sourcecode.swift; path = DateFormatterExtension.swift; sourceTree = "<group>"; };
		2540C7CF2496C70400F971EC /* ArticleExtensions.swift */ = {isa = PBXFileReference; lastKnownFileType = sourcecode.swift; path = ArticleExtensions.swift; sourceTree = "<group>"; };
		2540C7D12496CBEF00F971EC /* SectionExtensions.swift */ = {isa = PBXFileReference; lastKnownFileType = sourcecode.swift; path = SectionExtensions.swift; sourceTree = "<group>"; };
		2540C7D32497C48D00F971EC /* BundleExtensions.swift */ = {isa = PBXFileReference; lastKnownFileType = sourcecode.swift; path = BundleExtensions.swift; sourceTree = "<group>"; };
		2540C7D52497FA4500F971EC /* APIClientTests.swift */ = {isa = PBXFileReference; lastKnownFileType = sourcecode.swift; path = APIClientTests.swift; sourceTree = "<group>"; };
		2540C7D82497FD4400F971EC /* APIClient.swift */ = {isa = PBXFileReference; lastKnownFileType = sourcecode.swift; path = APIClient.swift; sourceTree = "<group>"; };
		25557B57249A99D4001EAEC8 /* URLExtension.swift */ = {isa = PBXFileReference; lastKnownFileType = sourcecode.swift; path = URLExtension.swift; sourceTree = "<group>"; };
		25557B59249B37CE001EAEC8 /* section-with-error.json */ = {isa = PBXFileReference; fileEncoding = 4; lastKnownFileType = text.json; path = "section-with-error.json"; sourceTree = "<group>"; };
		25557B5B249BB1FF001EAEC8 /* MainTabBarControllerTests.swift */ = {isa = PBXFileReference; lastKnownFileType = sourcecode.swift; path = MainTabBarControllerTests.swift; sourceTree = "<group>"; };
		25557B5E249BB542001EAEC8 /* MainTabBarController.swift */ = {isa = PBXFileReference; lastKnownFileType = sourcecode.swift; path = MainTabBarController.swift; sourceTree = "<group>"; };
		25557B60249BBA26001EAEC8 /* MainContainerViewControllerTests.swift */ = {isa = PBXFileReference; lastKnownFileType = sourcecode.swift; path = MainContainerViewControllerTests.swift; sourceTree = "<group>"; };
		25557B62249BC139001EAEC8 /* MainNavigationController.swift */ = {isa = PBXFileReference; lastKnownFileType = sourcecode.swift; path = MainNavigationController.swift; sourceTree = "<group>"; };
		25557B64249BEAD8001EAEC8 /* MainNavigationControllerTests.swift */ = {isa = PBXFileReference; lastKnownFileType = sourcecode.swift; path = MainNavigationControllerTests.swift; sourceTree = "<group>"; };
		257EA4EB24966A43002D434C /* SimpleApp.app */ = {isa = PBXFileReference; explicitFileType = wrapper.application; includeInIndex = 0; path = SimpleApp.app; sourceTree = BUILT_PRODUCTS_DIR; };
		257EA4EE24966A43002D434C /* AppDelegate.swift */ = {isa = PBXFileReference; lastKnownFileType = sourcecode.swift; path = AppDelegate.swift; sourceTree = "<group>"; };
		257EA4F024966A43002D434C /* SceneDelegate.swift */ = {isa = PBXFileReference; lastKnownFileType = sourcecode.swift; path = SceneDelegate.swift; sourceTree = "<group>"; };
		257EA4F224966A43002D434C /* MainContainerViewController.swift */ = {isa = PBXFileReference; lastKnownFileType = sourcecode.swift; path = MainContainerViewController.swift; sourceTree = "<group>"; };
		257EA4F524966A43002D434C /* Base */ = {isa = PBXFileReference; lastKnownFileType = file.storyboard; name = Base; path = Base.lproj/Main.storyboard; sourceTree = "<group>"; };
		257EA4F724966A44002D434C /* Assets.xcassets */ = {isa = PBXFileReference; lastKnownFileType = folder.assetcatalog; path = Assets.xcassets; sourceTree = "<group>"; };
		257EA4FA24966A44002D434C /* Base */ = {isa = PBXFileReference; lastKnownFileType = file.storyboard; name = Base; path = Base.lproj/LaunchScreen.storyboard; sourceTree = "<group>"; };
		257EA4FC24966A44002D434C /* Info.plist */ = {isa = PBXFileReference; lastKnownFileType = text.plist.xml; path = Info.plist; sourceTree = "<group>"; };
		257EA50124966A45002D434C /* SimpleAppTests.xctest */ = {isa = PBXFileReference; explicitFileType = wrapper.cfbundle; includeInIndex = 0; path = SimpleAppTests.xctest; sourceTree = BUILT_PRODUCTS_DIR; };
		257EA50524966A45002D434C /* ArticleTests.swift */ = {isa = PBXFileReference; lastKnownFileType = sourcecode.swift; path = ArticleTests.swift; sourceTree = "<group>"; };
		257EA50724966A45002D434C /* Info.plist */ = {isa = PBXFileReference; lastKnownFileType = text.plist.xml; path = Info.plist; sourceTree = "<group>"; };
		25BB67B5249C08E200D14F30 /* TabBarItemInfoTests.swift */ = {isa = PBXFileReference; lastKnownFileType = sourcecode.swift; path = TabBarItemInfoTests.swift; sourceTree = "<group>"; };
		25BB67B7249C099200D14F30 /* TabBarInfo.swift */ = {isa = PBXFileReference; lastKnownFileType = sourcecode.swift; path = TabBarInfo.swift; sourceTree = "<group>"; };
		25BB67BA249C0AA900D14F30 /* BarTabable.swift */ = {isa = PBXFileReference; lastKnownFileType = sourcecode.swift; path = BarTabable.swift; sourceTree = "<group>"; };
		25BB67BC249C94A300D14F30 /* MenuViewControllerTests.swift */ = {isa = PBXFileReference; lastKnownFileType = sourcecode.swift; path = MenuViewControllerTests.swift; sourceTree = "<group>"; };
		25BB67BE249C94CE00D14F30 /* SectionViewerViewControllerTests.swift */ = {isa = PBXFileReference; lastKnownFileType = sourcecode.swift; path = SectionViewerViewControllerTests.swift; sourceTree = "<group>"; };
		25BB67C8249CBCA400D14F30 /* SectionViewerViewController.swift */ = {isa = PBXFileReference; lastKnownFileType = sourcecode.swift; path = SectionViewerViewController.swift; sourceTree = "<group>"; };
		25BB67C9249CBCA400D14F30 /* SectionViewerViewController.xib */ = {isa = PBXFileReference; lastKnownFileType = file.xib; path = SectionViewerViewController.xib; sourceTree = "<group>"; };
		25BB67CC249CBCCA00D14F30 /* MenuViewControllerViewController.swift */ = {isa = PBXFileReference; lastKnownFileType = sourcecode.swift; path = MenuViewControllerViewController.swift; sourceTree = "<group>"; };
		25BB67CD249CBCCA00D14F30 /* MenuViewControllerViewController.xib */ = {isa = PBXFileReference; lastKnownFileType = file.xib; path = MenuViewControllerViewController.xib; sourceTree = "<group>"; };
/* End PBXFileReference section */

/* Begin PBXFrameworksBuildPhase section */
		257EA4E824966A43002D434C /* Frameworks */ = {
			isa = PBXFrameworksBuildPhase;
			buildActionMask = 2147483647;
			files = (
			);
			runOnlyForDeploymentPostprocessing = 0;
		};
		257EA4FE24966A45002D434C /* Frameworks */ = {
			isa = PBXFrameworksBuildPhase;
			buildActionMask = 2147483647;
			files = (
			);
			runOnlyForDeploymentPostprocessing = 0;
		};
/* End PBXFrameworksBuildPhase section */

/* Begin PBXGroup section */
		2540C7B42496851E00F971EC /* Model */ = {
			isa = PBXGroup;
			children = (
				2540C7B52496852F00F971EC /* Article.swift */,
				2540C7B924968BB700F971EC /* Section.swift */,
				25BB67B7249C099200D14F30 /* TabBarInfo.swift */,
			);
			path = Model;
			sourceTree = "<group>";
		};
		2540C7BF24969BFD00F971EC /* json */ = {
			isa = PBXGroup;
			children = (
				2540C7C024969C2600F971EC /* section.json */,
				25557B59249B37CE001EAEC8 /* section-with-error.json */,
				2540C7CA2496A5A900F971EC /* article.json */,
			);
			path = json;
			sourceTree = "<group>";
		};
		2540C7CC2496B2D200F971EC /* Extensions */ = {
			isa = PBXGroup;
			children = (
				2540C7CD2496B2F200F971EC /* DateFormatterExtension.swift */,
			);
			path = Extensions;
			sourceTree = "<group>";
		};
		2540C7D72497FCFB00F971EC /* Networking */ = {
			isa = PBXGroup;
			children = (
				2540C7D82497FD4400F971EC /* APIClient.swift */,
				25557B57249A99D4001EAEC8 /* URLExtension.swift */,
			);
			path = Networking;
			sourceTree = "<group>";
		};
		25557B5D249BB48F001EAEC8 /* View */ = {
			isa = PBXGroup;
			children = (
				257EA4F224966A43002D434C /* MainContainerViewController.swift */,
				25557B5E249BB542001EAEC8 /* MainTabBarController.swift */,
				25557B62249BC139001EAEC8 /* MainNavigationController.swift */,
				25BB67C8249CBCA400D14F30 /* SectionViewerViewController.swift */,
				25BB67C9249CBCA400D14F30 /* SectionViewerViewController.xib */,
				25BB67CC249CBCCA00D14F30 /* MenuViewControllerViewController.swift */,
				25BB67CD249CBCCA00D14F30 /* MenuViewControllerViewController.xib */,
			);
			path = View;
			sourceTree = "<group>";
		};
		257EA4E224966A43002D434C = {
			isa = PBXGroup;
			children = (
				257EA4ED24966A43002D434C /* SimpleApp */,
				257EA50424966A45002D434C /* SimpleAppTests */,
				257EA4EC24966A43002D434C /* Products */,
			);
			sourceTree = "<group>";
		};
		257EA4EC24966A43002D434C /* Products */ = {
			isa = PBXGroup;
			children = (
				257EA4EB24966A43002D434C /* SimpleApp.app */,
				257EA50124966A45002D434C /* SimpleAppTests.xctest */,
			);
			name = Products;
			sourceTree = "<group>";
		};
		257EA4ED24966A43002D434C /* SimpleApp */ = {
			isa = PBXGroup;
			children = (
				25BB67B9249C0A0F00D14F30 /* Protocols */,
				25557B5D249BB48F001EAEC8 /* View */,
				2540C7D72497FCFB00F971EC /* Networking */,
				2540C7CC2496B2D200F971EC /* Extensions */,
				2540C7B42496851E00F971EC /* Model */,
				257EA4EE24966A43002D434C /* AppDelegate.swift */,
				257EA4F024966A43002D434C /* SceneDelegate.swift */,
				257EA4F424966A43002D434C /* Main.storyboard */,
				257EA4F724966A44002D434C /* Assets.xcassets */,
				257EA4F924966A44002D434C /* LaunchScreen.storyboard */,
				257EA4FC24966A44002D434C /* Info.plist */,
			);
			path = SimpleApp;
			sourceTree = "<group>";
		};
		257EA50424966A45002D434C /* SimpleAppTests */ = {
			isa = PBXGroup;
			children = (
				257EA50724966A45002D434C /* Info.plist */,
				2540C7BF24969BFD00F971EC /* json */,
				257EA50524966A45002D434C /* ArticleTests.swift */,
				2540C7BD2496984300F971EC /* SectionTests.swift */,
				2540C7CF2496C70400F971EC /* ArticleExtensions.swift */,
				2540C7D12496CBEF00F971EC /* SectionExtensions.swift */,
				2540C7D32497C48D00F971EC /* BundleExtensions.swift */,
				2540C7D52497FA4500F971EC /* APIClientTests.swift */,
				25557B5B249BB1FF001EAEC8 /* MainTabBarControllerTests.swift */,
				25557B60249BBA26001EAEC8 /* MainContainerViewControllerTests.swift */,
				25557B64249BEAD8001EAEC8 /* MainNavigationControllerTests.swift */,
				25BB67B5249C08E200D14F30 /* TabBarItemInfoTests.swift */,
				25BB67BC249C94A300D14F30 /* MenuViewControllerTests.swift */,
				25BB67BE249C94CE00D14F30 /* SectionViewerViewControllerTests.swift */,
			);
			path = SimpleAppTests;
			sourceTree = "<group>";
		};
		25BB67B9249C0A0F00D14F30 /* Protocols */ = {
			isa = PBXGroup;
			children = (
				25BB67BA249C0AA900D14F30 /* BarTabable.swift */,
			);
			path = Protocols;
			sourceTree = "<group>";
		};
/* End PBXGroup section */

/* Begin PBXNativeTarget section */
		257EA4EA24966A43002D434C /* SimpleApp */ = {
			isa = PBXNativeTarget;
			buildConfigurationList = 257EA50A24966A45002D434C /* Build configuration list for PBXNativeTarget "SimpleApp" */;
			buildPhases = (
				257EA4E724966A43002D434C /* Sources */,
				257EA4E824966A43002D434C /* Frameworks */,
				257EA4E924966A43002D434C /* Resources */,
			);
			buildRules = (
			);
			dependencies = (
			);
			name = SimpleApp;
			productName = SimpleApp;
			productReference = 257EA4EB24966A43002D434C /* SimpleApp.app */;
			productType = "com.apple.product-type.application";
		};
		257EA50024966A45002D434C /* SimpleAppTests */ = {
			isa = PBXNativeTarget;
			buildConfigurationList = 257EA50D24966A45002D434C /* Build configuration list for PBXNativeTarget "SimpleAppTests" */;
			buildPhases = (
				257EA4FD24966A45002D434C /* Sources */,
				257EA4FE24966A45002D434C /* Frameworks */,
				257EA4FF24966A45002D434C /* Resources */,
			);
			buildRules = (
			);
			dependencies = (
				257EA50324966A45002D434C /* PBXTargetDependency */,
			);
			name = SimpleAppTests;
			productName = SimpleAppTests;
			productReference = 257EA50124966A45002D434C /* SimpleAppTests.xctest */;
			productType = "com.apple.product-type.bundle.unit-test";
		};
/* End PBXNativeTarget section */

/* Begin PBXProject section */
		257EA4E324966A43002D434C /* Project object */ = {
			isa = PBXProject;
			attributes = {
				LastSwiftUpdateCheck = 1140;
				LastUpgradeCheck = 1140;
				ORGANIZATIONNAME = "Miguel Adan";
				TargetAttributes = {
					257EA4EA24966A43002D434C = {
						CreatedOnToolsVersion = 11.4.1;
					};
					257EA50024966A45002D434C = {
						CreatedOnToolsVersion = 11.4.1;
						TestTargetID = 257EA4EA24966A43002D434C;
					};
				};
			};
			buildConfigurationList = 257EA4E624966A43002D434C /* Build configuration list for PBXProject "SimpleApp" */;
			compatibilityVersion = "Xcode 9.3";
			developmentRegion = en;
			hasScannedForEncodings = 0;
			knownRegions = (
				en,
				Base,
			);
			mainGroup = 257EA4E224966A43002D434C;
			productRefGroup = 257EA4EC24966A43002D434C /* Products */;
			projectDirPath = "";
			projectRoot = "";
			targets = (
				257EA4EA24966A43002D434C /* SimpleApp */,
				257EA50024966A45002D434C /* SimpleAppTests */,
			);
		};
/* End PBXProject section */

/* Begin PBXResourcesBuildPhase section */
		257EA4E924966A43002D434C /* Resources */ = {
			isa = PBXResourcesBuildPhase;
			buildActionMask = 2147483647;
			files = (
				257EA4FB24966A44002D434C /* LaunchScreen.storyboard in Resources */,
				257EA4F824966A44002D434C /* Assets.xcassets in Resources */,
				25BB67CB249CBCA400D14F30 /* SectionViewerViewController.xib in Resources */,
				257EA4F624966A43002D434C /* Main.storyboard in Resources */,
				25BB67CF249CBCCA00D14F30 /* MenuViewControllerViewController.xib in Resources */,
			);
			runOnlyForDeploymentPostprocessing = 0;
		};
		257EA4FF24966A45002D434C /* Resources */ = {
			isa = PBXResourcesBuildPhase;
			buildActionMask = 2147483647;
			files = (
				25557B5A249B37CE001EAEC8 /* section-with-error.json in Resources */,
				2540C7CB2496A5A900F971EC /* article.json in Resources */,
				2540C7C124969C2600F971EC /* section.json in Resources */,
			);
			runOnlyForDeploymentPostprocessing = 0;
		};
/* End PBXResourcesBuildPhase section */

/* Begin PBXSourcesBuildPhase section */
		257EA4E724966A43002D434C /* Sources */ = {
			isa = PBXSourcesBuildPhase;
			buildActionMask = 2147483647;
			files = (
				257EA4F324966A43002D434C /* MainContainerViewController.swift in Sources */,
				2540C7CE2496B2F200F971EC /* DateFormatterExtension.swift in Sources */,
				2540C7B62496852F00F971EC /* Article.swift in Sources */,
				25BB67BB249C0AA900D14F30 /* BarTabable.swift in Sources */,
				25BB67CE249CBCCA00D14F30 /* MenuViewControllerViewController.swift in Sources */,
				25557B63249BC139001EAEC8 /* MainNavigationController.swift in Sources */,
				25BB67CA249CBCA400D14F30 /* SectionViewerViewController.swift in Sources */,
				25557B5F249BB542001EAEC8 /* MainTabBarController.swift in Sources */,
				2540C7D92497FD4400F971EC /* APIClient.swift in Sources */,
				2540C7BA24968BB700F971EC /* Section.swift in Sources */,
				25557B58249A99D4001EAEC8 /* URLExtension.swift in Sources */,
				257EA4EF24966A43002D434C /* AppDelegate.swift in Sources */,
				257EA4F124966A43002D434C /* SceneDelegate.swift in Sources */,
				25BB67B8249C099200D14F30 /* TabBarInfo.swift in Sources */,
			);
			runOnlyForDeploymentPostprocessing = 0;
		};
		257EA4FD24966A45002D434C /* Sources */ = {
			isa = PBXSourcesBuildPhase;
			buildActionMask = 2147483647;
			files = (
				257EA50624966A45002D434C /* ArticleTests.swift in Sources */,
				2540C7D02496C70400F971EC /* ArticleExtensions.swift in Sources */,
				25BB67BD249C94A300D14F30 /* MenuViewControllerTests.swift in Sources */,
				2540C7BE2496984300F971EC /* SectionTests.swift in Sources */,
				25557B61249BBA26001EAEC8 /* MainContainerViewControllerTests.swift in Sources */,
				25BB67B6249C08E200D14F30 /* TabBarItemInfoTests.swift in Sources */,
				25557B65249BEAD8001EAEC8 /* MainNavigationControllerTests.swift in Sources */,
				2540C7D62497FA4500F971EC /* APIClientTests.swift in Sources */,
				2540C7D22496CBEF00F971EC /* SectionExtensions.swift in Sources */,
				2540C7D42497C48D00F971EC /* BundleExtensions.swift in Sources */,
				25BB67BF249C94CE00D14F30 /* SectionViewerViewControllerTests.swift in Sources */,
				25557B5C249BB1FF001EAEC8 /* MainTabBarControllerTests.swift in Sources */,
			);
			runOnlyForDeploymentPostprocessing = 0;
		};
/* End PBXSourcesBuildPhase section */

/* Begin PBXTargetDependency section */
		257EA50324966A45002D434C /* PBXTargetDependency */ = {
			isa = PBXTargetDependency;
			target = 257EA4EA24966A43002D434C /* SimpleApp */;
			targetProxy = 257EA50224966A45002D434C /* PBXContainerItemProxy */;
		};
/* End PBXTargetDependency section */

/* Begin PBXVariantGroup section */
		257EA4F424966A43002D434C /* Main.storyboard */ = {
			isa = PBXVariantGroup;
			children = (
				257EA4F524966A43002D434C /* Base */,
			);
			name = Main.storyboard;
			sourceTree = "<group>";
		};
		257EA4F924966A44002D434C /* LaunchScreen.storyboard */ = {
			isa = PBXVariantGroup;
			children = (
				257EA4FA24966A44002D434C /* Base */,
			);
			name = LaunchScreen.storyboard;
			sourceTree = "<group>";
		};
/* End PBXVariantGroup section */

/* Begin XCBuildConfiguration section */
		257EA50824966A45002D434C /* Debug */ = {
			isa = XCBuildConfiguration;
			buildSettings = {
				ALWAYS_SEARCH_USER_PATHS = NO;
				CLANG_ANALYZER_NONNULL = YES;
				CLANG_ANALYZER_NUMBER_OBJECT_CONVERSION = YES_AGGRESSIVE;
				CLANG_CXX_LANGUAGE_STANDARD = "gnu++14";
				CLANG_CXX_LIBRARY = "libc++";
				CLANG_ENABLE_MODULES = YES;
				CLANG_ENABLE_OBJC_ARC = YES;
				CLANG_ENABLE_OBJC_WEAK = YES;
				CLANG_WARN_BLOCK_CAPTURE_AUTORELEASING = YES;
				CLANG_WARN_BOOL_CONVERSION = YES;
				CLANG_WARN_COMMA = YES;
				CLANG_WARN_CONSTANT_CONVERSION = YES;
				CLANG_WARN_DEPRECATED_OBJC_IMPLEMENTATIONS = YES;
				CLANG_WARN_DIRECT_OBJC_ISA_USAGE = YES_ERROR;
				CLANG_WARN_DOCUMENTATION_COMMENTS = YES;
				CLANG_WARN_EMPTY_BODY = YES;
				CLANG_WARN_ENUM_CONVERSION = YES;
				CLANG_WARN_INFINITE_RECURSION = YES;
				CLANG_WARN_INT_CONVERSION = YES;
				CLANG_WARN_NON_LITERAL_NULL_CONVERSION = YES;
				CLANG_WARN_OBJC_IMPLICIT_RETAIN_SELF = YES;
				CLANG_WARN_OBJC_LITERAL_CONVERSION = YES;
				CLANG_WARN_OBJC_ROOT_CLASS = YES_ERROR;
				CLANG_WARN_RANGE_LOOP_ANALYSIS = YES;
				CLANG_WARN_STRICT_PROTOTYPES = YES;
				CLANG_WARN_SUSPICIOUS_MOVE = YES;
				CLANG_WARN_UNGUARDED_AVAILABILITY = YES_AGGRESSIVE;
				CLANG_WARN_UNREACHABLE_CODE = YES;
				CLANG_WARN__DUPLICATE_METHOD_MATCH = YES;
				COPY_PHASE_STRIP = NO;
				DEBUG_INFORMATION_FORMAT = dwarf;
				ENABLE_STRICT_OBJC_MSGSEND = YES;
				ENABLE_TESTABILITY = YES;
				GCC_C_LANGUAGE_STANDARD = gnu11;
				GCC_DYNAMIC_NO_PIC = NO;
				GCC_NO_COMMON_BLOCKS = YES;
				GCC_OPTIMIZATION_LEVEL = 0;
				GCC_PREPROCESSOR_DEFINITIONS = (
					"DEBUG=1",
					"$(inherited)",
				);
				GCC_WARN_64_TO_32_BIT_CONVERSION = YES;
				GCC_WARN_ABOUT_RETURN_TYPE = YES_ERROR;
				GCC_WARN_UNDECLARED_SELECTOR = YES;
				GCC_WARN_UNINITIALIZED_AUTOS = YES_AGGRESSIVE;
				GCC_WARN_UNUSED_FUNCTION = YES;
				GCC_WARN_UNUSED_VARIABLE = YES;
				IPHONEOS_DEPLOYMENT_TARGET = 13.4;
				MTL_ENABLE_DEBUG_INFO = INCLUDE_SOURCE;
				MTL_FAST_MATH = YES;
				ONLY_ACTIVE_ARCH = YES;
				SDKROOT = iphoneos;
				SWIFT_ACTIVE_COMPILATION_CONDITIONS = DEBUG;
				SWIFT_OPTIMIZATION_LEVEL = "-Onone";
			};
			name = Debug;
		};
		257EA50924966A45002D434C /* Release */ = {
			isa = XCBuildConfiguration;
			buildSettings = {
				ALWAYS_SEARCH_USER_PATHS = NO;
				CLANG_ANALYZER_NONNULL = YES;
				CLANG_ANALYZER_NUMBER_OBJECT_CONVERSION = YES_AGGRESSIVE;
				CLANG_CXX_LANGUAGE_STANDARD = "gnu++14";
				CLANG_CXX_LIBRARY = "libc++";
				CLANG_ENABLE_MODULES = YES;
				CLANG_ENABLE_OBJC_ARC = YES;
				CLANG_ENABLE_OBJC_WEAK = YES;
				CLANG_WARN_BLOCK_CAPTURE_AUTORELEASING = YES;
				CLANG_WARN_BOOL_CONVERSION = YES;
				CLANG_WARN_COMMA = YES;
				CLANG_WARN_CONSTANT_CONVERSION = YES;
				CLANG_WARN_DEPRECATED_OBJC_IMPLEMENTATIONS = YES;
				CLANG_WARN_DIRECT_OBJC_ISA_USAGE = YES_ERROR;
				CLANG_WARN_DOCUMENTATION_COMMENTS = YES;
				CLANG_WARN_EMPTY_BODY = YES;
				CLANG_WARN_ENUM_CONVERSION = YES;
				CLANG_WARN_INFINITE_RECURSION = YES;
				CLANG_WARN_INT_CONVERSION = YES;
				CLANG_WARN_NON_LITERAL_NULL_CONVERSION = YES;
				CLANG_WARN_OBJC_IMPLICIT_RETAIN_SELF = YES;
				CLANG_WARN_OBJC_LITERAL_CONVERSION = YES;
				CLANG_WARN_OBJC_ROOT_CLASS = YES_ERROR;
				CLANG_WARN_RANGE_LOOP_ANALYSIS = YES;
				CLANG_WARN_STRICT_PROTOTYPES = YES;
				CLANG_WARN_SUSPICIOUS_MOVE = YES;
				CLANG_WARN_UNGUARDED_AVAILABILITY = YES_AGGRESSIVE;
				CLANG_WARN_UNREACHABLE_CODE = YES;
				CLANG_WARN__DUPLICATE_METHOD_MATCH = YES;
				COPY_PHASE_STRIP = NO;
				DEBUG_INFORMATION_FORMAT = "dwarf-with-dsym";
				ENABLE_NS_ASSERTIONS = NO;
				ENABLE_STRICT_OBJC_MSGSEND = YES;
				GCC_C_LANGUAGE_STANDARD = gnu11;
				GCC_NO_COMMON_BLOCKS = YES;
				GCC_WARN_64_TO_32_BIT_CONVERSION = YES;
				GCC_WARN_ABOUT_RETURN_TYPE = YES_ERROR;
				GCC_WARN_UNDECLARED_SELECTOR = YES;
				GCC_WARN_UNINITIALIZED_AUTOS = YES_AGGRESSIVE;
				GCC_WARN_UNUSED_FUNCTION = YES;
				GCC_WARN_UNUSED_VARIABLE = YES;
				IPHONEOS_DEPLOYMENT_TARGET = 13.4;
				MTL_ENABLE_DEBUG_INFO = NO;
				MTL_FAST_MATH = YES;
				SDKROOT = iphoneos;
				SWIFT_COMPILATION_MODE = wholemodule;
				SWIFT_OPTIMIZATION_LEVEL = "-O";
				VALIDATE_PRODUCT = YES;
			};
			name = Release;
		};
		257EA50B24966A45002D434C /* Debug */ = {
			isa = XCBuildConfiguration;
			buildSettings = {
				ASSETCATALOG_COMPILER_APPICON_NAME = AppIcon;
				CODE_SIGN_STYLE = Automatic;
				INFOPLIST_FILE = SimpleApp/Info.plist;
				LD_RUNPATH_SEARCH_PATHS = (
					"$(inherited)",
					"@executable_path/Frameworks",
				);
				PRODUCT_BUNDLE_IDENTIFIER = Avantiic.SimpleApp;
				PRODUCT_NAME = "$(TARGET_NAME)";
				SWIFT_VERSION = 5.0;
				TARGETED_DEVICE_FAMILY = "1,2";
			};
			name = Debug;
		};
		257EA50C24966A45002D434C /* Release */ = {
			isa = XCBuildConfiguration;
			buildSettings = {
				ASSETCATALOG_COMPILER_APPICON_NAME = AppIcon;
				CODE_SIGN_STYLE = Automatic;
				INFOPLIST_FILE = SimpleApp/Info.plist;
				LD_RUNPATH_SEARCH_PATHS = (
					"$(inherited)",
					"@executable_path/Frameworks",
				);
				PRODUCT_BUNDLE_IDENTIFIER = Avantiic.SimpleApp;
				PRODUCT_NAME = "$(TARGET_NAME)";
				SWIFT_VERSION = 5.0;
				TARGETED_DEVICE_FAMILY = "1,2";
			};
			name = Release;
		};
		257EA50E24966A45002D434C /* Debug */ = {
			isa = XCBuildConfiguration;
			buildSettings = {
				ALWAYS_EMBED_SWIFT_STANDARD_LIBRARIES = YES;
				BUNDLE_LOADER = "$(TEST_HOST)";
				CODE_SIGN_STYLE = Automatic;
				INFOPLIST_FILE = SimpleAppTests/Info.plist;
				IPHONEOS_DEPLOYMENT_TARGET = 13.4;
				LD_RUNPATH_SEARCH_PATHS = (
					"$(inherited)",
					"@executable_path/Frameworks",
					"@loader_path/Frameworks",
				);
				PRODUCT_BUNDLE_IDENTIFIER = Avantiic.SimpleAppTests;
				PRODUCT_NAME = "$(TARGET_NAME)";
				SWIFT_VERSION = 5.0;
				TARGETED_DEVICE_FAMILY = "1,2";
				TEST_HOST = "$(BUILT_PRODUCTS_DIR)/SimpleApp.app/SimpleApp";
			};
			name = Debug;
		};
		257EA50F24966A45002D434C /* Release */ = {
			isa = XCBuildConfiguration;
			buildSettings = {
				ALWAYS_EMBED_SWIFT_STANDARD_LIBRARIES = YES;
				BUNDLE_LOADER = "$(TEST_HOST)";
				CODE_SIGN_STYLE = Automatic;
				INFOPLIST_FILE = SimpleAppTests/Info.plist;
				IPHONEOS_DEPLOYMENT_TARGET = 13.4;
				LD_RUNPATH_SEARCH_PATHS = (
					"$(inherited)",
					"@executable_path/Frameworks",
					"@loader_path/Frameworks",
				);
				PRODUCT_BUNDLE_IDENTIFIER = Avantiic.SimpleAppTests;
				PRODUCT_NAME = "$(TARGET_NAME)";
				SWIFT_VERSION = 5.0;
				TARGETED_DEVICE_FAMILY = "1,2";
				TEST_HOST = "$(BUILT_PRODUCTS_DIR)/SimpleApp.app/SimpleApp";
			};
			name = Release;
		};
/* End XCBuildConfiguration section */

/* Begin XCConfigurationList section */
		257EA4E624966A43002D434C /* Build configuration list for PBXProject "SimpleApp" */ = {
			isa = XCConfigurationList;
			buildConfigurations = (
				257EA50824966A45002D434C /* Debug */,
				257EA50924966A45002D434C /* Release */,
			);
			defaultConfigurationIsVisible = 0;
			defaultConfigurationName = Release;
		};
		257EA50A24966A45002D434C /* Build configuration list for PBXNativeTarget "SimpleApp" */ = {
			isa = XCConfigurationList;
			buildConfigurations = (
				257EA50B24966A45002D434C /* Debug */,
				257EA50C24966A45002D434C /* Release */,
			);
			defaultConfigurationIsVisible = 0;
			defaultConfigurationName = Release;
		};
		257EA50D24966A45002D434C /* Build configuration list for PBXNativeTarget "SimpleAppTests" */ = {
			isa = XCConfigurationList;
			buildConfigurations = (
				257EA50E24966A45002D434C /* Debug */,
				257EA50F24966A45002D434C /* Release */,
			);
			defaultConfigurationIsVisible = 0;
			defaultConfigurationName = Release;
		};
/* End XCConfigurationList section */
	};
	rootObject = 257EA4E324966A43002D434C /* Project object */;
}
